
Microsoft Visual Studio Solution File, Format Version 12.00
# Visual Studio Version 17
VisualStudioVersion = 17.0.32014.148
MinimumVisualStudioVersion = 10.0.40219.1
Project("{FAE04EC0-301F-11D3-BF4B-00C04F79EFBC}") = "stats", "stats.csproj", "{DE336FA2-AA0A-41C6-8FCF-D9E9594F1CD9}"
EndProject
Global
	GlobalSection(SolutionConfigurationPlatforms) = preSolution
		Debug|Any CPU = Debug|Any CPU
		Release|Any CPU = Release|Any CPU
	EndGlobalSection
	GlobalSection(ProjectConfigurationPlatforms) = postSolution
		{DE336FA2-AA0A-41C6-8FCF-D9E9594F1CD9}.Debug|Any CPU.ActiveCfg = Debug|Any CPU
		{DE336FA2-AA0A-41C6-8FCF-D9E9594F1CD9}.Debug|Any CPU.Build.0 = Debug|Any CPU
		{DE336FA2-AA0A-41C6-8FCF-D9E9594F1CD9}.Release|Any CPU.ActiveCfg = Release|Any CPU
		{DE336FA2-AA0A-41C6-8FCF-D9E9594F1CD9}.Release|Any CPU.Build.0 = Release|Any CPU
	EndGlobalSection
	GlobalSection(SolutionProperties) = preSolution
		HideSolutionNode = FALSE
	EndGlobalSection
	GlobalSection(ExtensibilityGlobals) = postSolution
		SolutionGuid = {11F072C6-C493-4A46-A4C9-665113BD113A}
	EndGlobalSection
EndGlobal
